
Microsoft Visual Studio Solution File, Format Version 12.00
# Visual Studio Version 17
VisualStudioVersion = 17.0.32014.148
MinimumVisualStudioVersion = 10.0.40219.1
Project("{FAE04EC0-301F-11D3-BF4B-00C04F79EFBC}") = "LineComparision", "LineComparision.csproj", "{BEEBE453-D30E-482E-A0CC-39372F55EE23}"
EndProject
Global
	GlobalSection(SolutionConfigurationPlatforms) = preSolution
		Debug|Any CPU = Debug|Any CPU
		Release|Any CPU = Release|Any CPU
	EndGlobalSection
	GlobalSection(ProjectConfigurationPlatforms) = postSolution
		{BEEBE453-D30E-482E-A0CC-39372F55EE23}.Debug|Any CPU.ActiveCfg = Debug|Any CPU
		{BEEBE453-D30E-482E-A0CC-39372F55EE23}.Debug|Any CPU.Build.0 = Debug|Any CPU
		{BEEBE453-D30E-482E-A0CC-39372F55EE23}.Release|Any CPU.ActiveCfg = Release|Any CPU
		{BEEBE453-D30E-482E-A0CC-39372F55EE23}.Release|Any CPU.Build.0 = Release|Any CPU
	EndGlobalSection
	GlobalSection(SolutionProperties) = preSolution
		HideSolutionNode = FALSE
	EndGlobalSection
	GlobalSection(ExtensibilityGlobals) = postSolution
		SolutionGuid = {AD41EE00-27A5-4C3A-B97E-38511A09100C}
	EndGlobalSection
EndGlobal
